
Microsoft Visual Studio Solution File, Format Version 12.00
# Visual Studio Version 16
VisualStudioVersion = 16.0.30002.166
MinimumVisualStudioVersion = 10.0.40219.1
Project("{FAE04EC0-301F-11D3-BF4B-00C04F79EFBC}") = "OrderProducts", "OrderProducts\OrderProducts.csproj", "{339061AD-DBEC-4C55-95DC-8DCE63E8C479}"
EndProject
Global
	GlobalSection(SolutionConfigurationPlatforms) = preSolution
		Debug|Any CPU = Debug|Any CPU
		Release|Any CPU = Release|Any CPU
	EndGlobalSection
	GlobalSection(ProjectConfigurationPlatforms) = postSolution
		{339061AD-DBEC-4C55-95DC-8DCE63E8C479}.Debug|Any CPU.ActiveCfg = Debug|Any CPU
		{339061AD-DBEC-4C55-95DC-8DCE63E8C479}.Debug|Any CPU.Build.0 = Debug|Any CPU
		{339061AD-DBEC-4C55-95DC-8DCE63E8C479}.Release|Any CPU.ActiveCfg = Release|Any CPU
		{339061AD-DBEC-4C55-95DC-8DCE63E8C479}.Release|Any CPU.Build.0 = Release|Any CPU
	EndGlobalSection
	GlobalSection(SolutionProperties) = preSolution
		HideSolutionNode = FALSE
	EndGlobalSection
	GlobalSection(ExtensibilityGlobals) = postSolution
		SolutionGuid = {1BAF9D0C-C5DB-4C97-9F00-833A2332EDC7}
	EndGlobalSection
EndGlobal
